
Microsoft Visual Studio Solution File, Format Version 12.00
# Visual Studio Version 16
VisualStudioVersion = 16.0.31005.135
MinimumVisualStudioVersion = 10.0.40219.1
Project("{9A19103F-16F7-4668-BE54-9A1E7A4F7556}") = "DotnetStandardQueryBuilder.Core", "DotnetStandardQueryBuilder.Core\DotnetStandardQueryBuilder.Core.csproj", "{4F91B810-855F-4A03-9A75-2EB08B2DDC99}"
EndProject
Project("{9A19103F-16F7-4668-BE54-9A1E7A4F7556}") = "DotnetStandardQueryBuilder.Mongo", "DotnetStandardQueryBuilder.Mongo\DotnetStandardQueryBuilder.Mongo.csproj", "{4B0D3923-36FF-4100-8B0F-9F88F8C39693}"
EndProject
Project("{9A19103F-16F7-4668-BE54-9A1E7A4F7556}") = "DotnetStandardQueryBuilder.OData", "DotnetStandardQueryBuilder.OData\DotnetStandardQueryBuilder.OData.csproj", "{AFDA2EE1-3299-46A6-B60D-3195E50D6B92}"
EndProject
Project("{9A19103F-16F7-4668-BE54-9A1E7A4F7556}") = "DotnetStandardQueryBuilder.Sql", "DotnetStandardQueryBuilder.Sql\DotnetStandardQueryBuilder.Sql.csproj", "{F00811C9-D5F5-4BB1-935E-8429499AC732}"
EndProject
Project("{9A19103F-16F7-4668-BE54-9A1E7A4F7556}") = "DotnetStandardQueryBuilder.UnitTest", "DotnetStandardQueryBuilder.UnitTest\DotnetStandardQueryBuilder.UnitTest.csproj", "{68CE1731-F5B2-4E6A-9003-1AA6FFD1CE5E}"
EndProject
Project("{9A19103F-16F7-4668-BE54-9A1E7A4F7556}") = "DotnetStandardQueryBuilder.AzureCosmosSql", "DotnetStandardQueryBuilder.AzureCosmosSql\DotnetStandardQueryBuilder.AzureCosmosSql.csproj", "{BCA2F9D3-B18D-47FB-A462-8FBE95E0C68A}"
EndProject
Project("{2150E333-8FDC-42A3-9474-1A3956D46DE8}") = "Solution Items", "Solution Items", "{DC9625A0-CCB1-4A8D-B8AD-B9877B4111BA}"
	ProjectSection(SolutionItems) = preProject
		nuget-publish.txt = nuget-publish.txt
		README.md = README.md
	EndProjectSection
EndProject
Project("{FAE04EC0-301F-11D3-BF4B-00C04F79EFBC}") = "DotnetStandardQueryBuilder.MemoryList", "DotnetStandardQueryBuilder.MemoryList\DotnetStandardQueryBuilder.MemoryList.csproj", "{3EAEA26E-DF31-4885-8633-1FDAEB97BE55}"
EndProject
Global
	GlobalSection(SolutionConfigurationPlatforms) = preSolution
		Debug|Any CPU = Debug|Any CPU
		Release|Any CPU = Release|Any CPU
	EndGlobalSection
	GlobalSection(ProjectConfigurationPlatforms) = postSolution
		{4F91B810-855F-4A03-9A75-2EB08B2DDC99}.Debug|Any CPU.ActiveCfg = Debug|Any CPU
		{4F91B810-855F-4A03-9A75-2EB08B2DDC99}.Debug|Any CPU.Build.0 = Debug|Any CPU
		{4F91B810-855F-4A03-9A75-2EB08B2DDC99}.Release|Any CPU.ActiveCfg = Release|Any CPU
		{4F91B810-855F-4A03-9A75-2EB08B2DDC99}.Release|Any CPU.Build.0 = Release|Any CPU
		{4B0D3923-36FF-4100-8B0F-9F88F8C39693}.Debug|Any CPU.ActiveCfg = Debug|Any CPU
		{4B0D3923-36FF-4100-8B0F-9F88F8C39693}.Debug|Any CPU.Build.0 = Debug|Any CPU
		{4B0D3923-36FF-4100-8B0F-9F88F8C39693}.Release|Any CPU.ActiveCfg = Release|Any CPU
		{4B0D3923-36FF-4100-8B0F-9F88F8C39693}.Release|Any CPU.Build.0 = Release|Any CPU
		{AFDA2EE1-3299-46A6-B60D-3195E50D6B92}.Debug|Any CPU.ActiveCfg = Debug|Any CPU
		{AFDA2EE1-3299-46A6-B60D-3195E50D6B92}.Debug|Any CPU.Build.0 = Debug|Any CPU
		{AFDA2EE1-3299-46A6-B60D-3195E50D6B92}.Release|Any CPU.ActiveCfg = Release|Any CPU
		{AFDA2EE1-3299-46A6-B60D-3195E50D6B92}.Release|Any CPU.Build.0 = Release|Any CPU
		{F00811C9-D5F5-4BB1-935E-8429499AC732}.Debug|Any CPU.ActiveCfg = Debug|Any CPU
		{F00811C9-D5F5-4BB1-935E-8429499AC732}.Debug|Any CPU.Build.0 = Debug|Any CPU
		{F00811C9-D5F5-4BB1-935E-8429499AC732}.Release|Any CPU.ActiveCfg = Release|Any CPU
		{F00811C9-D5F5-4BB1-935E-8429499AC732}.Release|Any CPU.Build.0 = Release|Any CPU
		{68CE1731-F5B2-4E6A-9003-1AA6FFD1CE5E}.Debug|Any CPU.ActiveCfg = Debug|Any CPU
		{68CE1731-F5B2-4E6A-9003-1AA6FFD1CE5E}.Debug|Any CPU.Build.0 = Debug|Any CPU
		{68CE1731-F5B2-4E6A-9003-1AA6FFD1CE5E}.Release|Any CPU.ActiveCfg = Release|Any CPU
		{68CE1731-F5B2-4E6A-9003-1AA6FFD1CE5E}.Release|Any CPU.Build.0 = Release|Any CPU
		{BCA2F9D3-B18D-47FB-A462-8FBE95E0C68A}.Debug|Any CPU.ActiveCfg = Debug|Any CPU
		{BCA2F9D3-B18D-47FB-A462-8FBE95E0C68A}.Debug|Any CPU.Build.0 = Debug|Any CPU
		{BCA2F9D3-B18D-47FB-A462-8FBE95E0C68A}.Release|Any CPU.ActiveCfg = Release|Any CPU
		{BCA2F9D3-B18D-47FB-A462-8FBE95E0C68A}.Release|Any CPU.Build.0 = Release|Any CPU
		{3EAEA26E-DF31-4885-8633-1FDAEB97BE55}.Debug|Any CPU.ActiveCfg = Debug|Any CPU
		{3EAEA26E-DF31-4885-8633-1FDAEB97BE55}.Debug|Any CPU.Build.0 = Debug|Any CPU
		{3EAEA26E-DF31-4885-8633-1FDAEB97BE55}.Release|Any CPU.ActiveCfg = Release|Any CPU
		{3EAEA26E-DF31-4885-8633-1FDAEB97BE55}.Release|Any CPU.Build.0 = Release|Any CPU
	EndGlobalSection
	GlobalSection(SolutionProperties) = preSolution
		HideSolutionNode = FALSE
	EndGlobalSection
	GlobalSection(ExtensibilityGlobals) = postSolution
		SolutionGuid = {E087AFD1-815D-45A4-9720-37DED2757161}
	EndGlobalSection
EndGlobal
