
Microsoft Visual Studio Solution File, Format Version 12.00
# Visual Studio Version 16
VisualStudioVersion = 16.0.31005.135
MinimumVisualStudioVersion = 10.0.40219.1
Project("{FAE04EC0-301F-11D3-BF4B-00C04F79EFBC}") = "QueryBuilder.Core", "QueryBuilder.Core\QueryBuilder.Core.csproj", "{596AB7FF-BAE4-4380-8D1B-C094A8D5C1E1}"
EndProject
Project("{FAE04EC0-301F-11D3-BF4B-00C04F79EFBC}") = "QueryBuilder.OData", "QueryBuilder.OData\QueryBuilder.OData.csproj", "{56C48E75-2BA3-4528-B42E-ECC6537AC6B7}"
EndProject
Project("{FAE04EC0-301F-11D3-BF4B-00C04F79EFBC}") = "QueryBuilder.Mongo", "QueryBuilder.Mongo\QueryBuilder.Mongo.csproj", "{26EF389B-3D95-41D7-ADA2-3D12FA7B2163}"
EndProject
Global
	GlobalSection(SolutionConfigurationPlatforms) = preSolution
		Debug|Any CPU = Debug|Any CPU
		Release|Any CPU = Release|Any CPU
	EndGlobalSection
	GlobalSection(ProjectConfigurationPlatforms) = postSolution
		{596AB7FF-BAE4-4380-8D1B-C094A8D5C1E1}.Debug|Any CPU.ActiveCfg = Debug|Any CPU
		{596AB7FF-BAE4-4380-8D1B-C094A8D5C1E1}.Debug|Any CPU.Build.0 = Debug|Any CPU
		{596AB7FF-BAE4-4380-8D1B-C094A8D5C1E1}.Release|Any CPU.ActiveCfg = Release|Any CPU
		{596AB7FF-BAE4-4380-8D1B-C094A8D5C1E1}.Release|Any CPU.Build.0 = Release|Any CPU
		{56C48E75-2BA3-4528-B42E-ECC6537AC6B7}.Debug|Any CPU.ActiveCfg = Debug|Any CPU
		{56C48E75-2BA3-4528-B42E-ECC6537AC6B7}.Debug|Any CPU.Build.0 = Debug|Any CPU
		{56C48E75-2BA3-4528-B42E-ECC6537AC6B7}.Release|Any CPU.ActiveCfg = Release|Any CPU
		{56C48E75-2BA3-4528-B42E-ECC6537AC6B7}.Release|Any CPU.Build.0 = Release|Any CPU
		{26EF389B-3D95-41D7-ADA2-3D12FA7B2163}.Debug|Any CPU.ActiveCfg = Debug|Any CPU
		{26EF389B-3D95-41D7-ADA2-3D12FA7B2163}.Debug|Any CPU.Build.0 = Debug|Any CPU
		{26EF389B-3D95-41D7-ADA2-3D12FA7B2163}.Release|Any CPU.ActiveCfg = Release|Any CPU
		{26EF389B-3D95-41D7-ADA2-3D12FA7B2163}.Release|Any CPU.Build.0 = Release|Any CPU
	EndGlobalSection
	GlobalSection(SolutionProperties) = preSolution
		HideSolutionNode = FALSE
	EndGlobalSection
	GlobalSection(ExtensibilityGlobals) = postSolution
		SolutionGuid = {E087AFD1-815D-45A4-9720-37DED2757161}
	EndGlobalSection
EndGlobal
